
Microsoft Visual Studio Solution File, Format Version 12.00
# Visual Studio Version 17
VisualStudioVersion = 17.8.34316.72
MinimumVisualStudioVersion = 10.0.40219.1
Project("{9A19103F-16F7-4668-BE54-9A1E7A4F7556}") = "Entities", "Entities\Entities.csproj", "{1F56C1F5-1BEB-4D89-9353-A88D70AD97BD}"
EndProject
Project("{9A19103F-16F7-4668-BE54-9A1E7A4F7556}") = "DataAccess", "DataAccess\DataAccess.csproj", "{90D8B727-CAC9-42E7-9210-348B6129E924}"
EndProject
Project("{9A19103F-16F7-4668-BE54-9A1E7A4F7556}") = "Business", "Business\Business.csproj", "{A4A54222-8D83-474A-B444-2D6D41D6F26B}"
EndProject
Project("{9A19103F-16F7-4668-BE54-9A1E7A4F7556}") = "Core", "Core\Core.csproj", "{F946EB77-5172-4EAD-9993-9C632E66C5B4}"
EndProject
Project("{9A19103F-16F7-4668-BE54-9A1E7A4F7556}") = "WebAPI", "WebAPI\WebAPI.csproj", "{84ABD46C-A4D3-47E5-AC0D-1E1548390C74}"
EndProject
Global
	GlobalSection(SolutionConfigurationPlatforms) = preSolution
		Debug|Any CPU = Debug|Any CPU
		Release|Any CPU = Release|Any CPU
	EndGlobalSection
	GlobalSection(ProjectConfigurationPlatforms) = postSolution
		{1F56C1F5-1BEB-4D89-9353-A88D70AD97BD}.Debug|Any CPU.ActiveCfg = Debug|Any CPU
		{1F56C1F5-1BEB-4D89-9353-A88D70AD97BD}.Debug|Any CPU.Build.0 = Debug|Any CPU
		{1F56C1F5-1BEB-4D89-9353-A88D70AD97BD}.Release|Any CPU.ActiveCfg = Release|Any CPU
		{1F56C1F5-1BEB-4D89-9353-A88D70AD97BD}.Release|Any CPU.Build.0 = Release|Any CPU
		{90D8B727-CAC9-42E7-9210-348B6129E924}.Debug|Any CPU.ActiveCfg = Debug|Any CPU
		{90D8B727-CAC9-42E7-9210-348B6129E924}.Debug|Any CPU.Build.0 = Debug|Any CPU
		{90D8B727-CAC9-42E7-9210-348B6129E924}.Release|Any CPU.ActiveCfg = Release|Any CPU
		{90D8B727-CAC9-42E7-9210-348B6129E924}.Release|Any CPU.Build.0 = Release|Any CPU
		{A4A54222-8D83-474A-B444-2D6D41D6F26B}.Debug|Any CPU.ActiveCfg = Debug|Any CPU
		{A4A54222-8D83-474A-B444-2D6D41D6F26B}.Debug|Any CPU.Build.0 = Debug|Any CPU
		{A4A54222-8D83-474A-B444-2D6D41D6F26B}.Release|Any CPU.ActiveCfg = Release|Any CPU
		{A4A54222-8D83-474A-B444-2D6D41D6F26B}.Release|Any CPU.Build.0 = Release|Any CPU
		{F946EB77-5172-4EAD-9993-9C632E66C5B4}.Debug|Any CPU.ActiveCfg = Debug|Any CPU
		{F946EB77-5172-4EAD-9993-9C632E66C5B4}.Debug|Any CPU.Build.0 = Debug|Any CPU
		{F946EB77-5172-4EAD-9993-9C632E66C5B4}.Release|Any CPU.ActiveCfg = Release|Any CPU
		{F946EB77-5172-4EAD-9993-9C632E66C5B4}.Release|Any CPU.Build.0 = Release|Any CPU
		{84ABD46C-A4D3-47E5-AC0D-1E1548390C74}.Debug|Any CPU.ActiveCfg = Debug|Any CPU
		{84ABD46C-A4D3-47E5-AC0D-1E1548390C74}.Debug|Any CPU.Build.0 = Debug|Any CPU
		{84ABD46C-A4D3-47E5-AC0D-1E1548390C74}.Release|Any CPU.ActiveCfg = Release|Any CPU
		{84ABD46C-A4D3-47E5-AC0D-1E1548390C74}.Release|Any CPU.Build.0 = Release|Any CPU
	EndGlobalSection
	GlobalSection(SolutionProperties) = preSolution
		HideSolutionNode = FALSE
	EndGlobalSection
	GlobalSection(ExtensibilityGlobals) = postSolution
		SolutionGuid = {91100096-FB87-479C-BF2D-5806FE83750C}
	EndGlobalSection
EndGlobal
